{
  "name": "nlp-test-app",
  "version": "1.0.0",
  "lockfileVersion": 3,
  "requires": true,
  "packages": {
    "": {
      "name": "nlp-test-app",
      "version": "1.0.0",
      "license": "ISC",
      "dependencies": {
        "wink-nlp-utils": "^2.1.0"
      }
    },
    "node_modules/emoji-regex": {
      "version": "9.2.2",
      "resolved": "https://registry.npmjs.org/emoji-regex/-/emoji-regex-9.2.2.tgz",
      "integrity": "sha512-L18DaJsXSUk2+42pv8mLs5jJT2hqFkFE4j21wOmgbUqsZ2hL72NsUU785g9RXgo3s0ZNgVl42TiHp3ZtOv/Vyg=="
    },
    "node_modules/wink-distance": {
      "version": "2.0.1",
      "resolved": "https://registry.npmjs.org/wink-distance/-/wink-distance-2.0.1.tgz",
      "integrity": "sha512-meGDNKIvzSB4EounIuvR7PICqmq7rn4ufkacBnxcEkOXkQfbtnAR+PDSf4rsa6Mb/ax9RA3mHMqKMzycRMqD/Q==",
      "dependencies": {
        "wink-helpers": "^2.0.0",
        "wink-jaro-distance": "^2.0.0"
      }
    },
    "node_modules/wink-eng-lite-web-model": {
      "version": "1.4.3",
      "resolved": "https://registry.npmjs.org/wink-eng-lite-web-model/-/wink-eng-lite-web-model-1.4.3.tgz",
      "integrity": "sha512-HAx6nmDdoCucs4RnPhlxpTqiw0/MYiiGtSyfykYM03KTxvCVjX6HNtdfBhmdUeGLzGh0M/D4WJANU42qH6/1nA==",
      "engines": {
        "node": ">=16.0.0"
      },
      "peerDependencies": {
        "wink-nlp": ">1.8.1"
      }
    },
    "node_modules/wink-helpers": {
      "version": "2.0.0",
      "resolved": "https://registry.npmjs.org/wink-helpers/-/wink-helpers-2.0.0.tgz",
      "integrity": "sha512-I/ZzXrHcNRXuoeFJmp2vMVqDI6UCK02Tds1WP4kSGAmx520gjL1BObVzF7d2ps24tyHIly9ngdB2jwhlFUjPvg=="
    },
    "node_modules/wink-jaro-distance": {
      "version": "2.0.0",
      "resolved": "https://registry.npmjs.org/wink-jaro-distance/-/wink-jaro-distance-2.0.0.tgz",
      "integrity": "sha512-9bcUaXCi9N8iYpGWbFkf83OsBkg17r4hEyxusEzl+nnReLRPqxhB9YNeRn3g54SYnVRNXP029lY3HDsbdxTAuA=="
    },
    "node_modules/wink-nlp": {
      "version": "1.13.0",
      "resolved": "https://registry.npmjs.org/wink-nlp/-/wink-nlp-1.13.0.tgz",
      "integrity": "sha512-aK+KAOwIkeCzCX1E9SNJ3VT5F98Fln4AYRk7XsACcHjgQzJV6Fw6dQoB4UHRybLJt65YGLiQRAXlALd8aFJBcw=="
    },
    "node_modules/wink-nlp-utils": {
      "version": "2.1.0",
      "resolved": "https://registry.npmjs.org/wink-nlp-utils/-/wink-nlp-utils-2.1.0.tgz",
      "integrity": "sha512-b7PcRhEBNxQmsmht70jLOkwYUyie3da4/cgEXL+CumYO5b/nwV+W7fuMXToh5BtGq1RABznmc2TGTp1Qf/JUXg==",
      "dependencies": {
        "wink-distance": "^2.0.1",
        "wink-eng-lite-web-model": "^1.4.3",
        "wink-helpers": "^2.0.0",
        "wink-nlp": "^1.12.0",
        "wink-porter2-stemmer": "^2.0.1",
        "wink-tokenizer": "^5.2.3"
      }
    },
    "node_modules/wink-porter2-stemmer": {
      "version": "2.0.1",
      "resolved": "https://registry.npmjs.org/wink-porter2-stemmer/-/wink-porter2-stemmer-2.0.1.tgz",
      "integrity": "sha512-0g+RkkqhRXFmSpJQStVXW5N/WsshWpJXsoDRW7DwVkGI2uDT6IBCoq3xdH5p6IHLaC6ygk7RWUsUx4alKxoagQ=="
    },
    "node_modules/wink-tokenizer": {
      "version": "5.3.0",
      "resolved": "https://registry.npmjs.org/wink-tokenizer/-/wink-tokenizer-5.3.0.tgz",
      "integrity": "sha512-O/yAw0g3FmSgeeQuYAJJfP7fVPB4A6ay0018qASh79aWmIOyPYy4j4r9EQT8xBjicja6lCLvgRVAybmEBaATQA==",
      "dependencies": {
        "emoji-regex": "^9.0.0"
      }
    }
  }
}
